
Microsoft Visual Studio Solution File, Format Version 12.00
# Visual Studio Version 16
VisualStudioVersion = 16.0.30225.117
MinimumVisualStudioVersion = 10.0.40219.1
Project("{9A19103F-16F7-4668-BE54-9A1E7A4F7556}") = "CSVParser", "CSVParser\CSVParser.csproj", "{1F38288A-592D-49BF-BF98-7D5B942D4954}"
EndProject
Project("{FAE04EC0-301F-11D3-BF4B-00C04F79EFBC}") = "MenuTest", "MenuTest\MenuTest.csproj", "{959016F1-8B5C-408C-A98A-6A5A06262EF0}"
EndProject
Global
	GlobalSection(SolutionConfigurationPlatforms) = preSolution
		Debug|Any CPU = Debug|Any CPU
		Release|Any CPU = Release|Any CPU
	EndGlobalSection
	GlobalSection(ProjectConfigurationPlatforms) = postSolution
		{1F38288A-592D-49BF-BF98-7D5B942D4954}.Debug|Any CPU.ActiveCfg = Debug|Any CPU
		{1F38288A-592D-49BF-BF98-7D5B942D4954}.Debug|Any CPU.Build.0 = Debug|Any CPU
		{1F38288A-592D-49BF-BF98-7D5B942D4954}.Release|Any CPU.ActiveCfg = Release|Any CPU
		{1F38288A-592D-49BF-BF98-7D5B942D4954}.Release|Any CPU.Build.0 = Release|Any CPU
		{959016F1-8B5C-408C-A98A-6A5A06262EF0}.Debug|Any CPU.ActiveCfg = Debug|Any CPU
		{959016F1-8B5C-408C-A98A-6A5A06262EF0}.Debug|Any CPU.Build.0 = Debug|Any CPU
		{959016F1-8B5C-408C-A98A-6A5A06262EF0}.Release|Any CPU.ActiveCfg = Release|Any CPU
		{959016F1-8B5C-408C-A98A-6A5A06262EF0}.Release|Any CPU.Build.0 = Release|Any CPU
	EndGlobalSection
	GlobalSection(SolutionProperties) = preSolution
		HideSolutionNode = FALSE
	EndGlobalSection
	GlobalSection(ExtensibilityGlobals) = postSolution
		SolutionGuid = {5577FBE6-3FD5-4DA3-993D-72E2BBF88000}
	EndGlobalSection
EndGlobal
